<?xml version="1.0" encoding="utf-8"?>
<Project ToolsVersion="4.0" xmlns="http://schemas.microsoft.com/developer/msbuild/2003">
  <ItemGroup>
    <Filter Include="includes">
      <UniqueIdentifier>{1CA10C65-086E-6770-3187-55181DB39CFE}</UniqueIdentifier>
    </Filter>
    <Filter Include="includes\SmokACT">
      <UniqueIdentifier>{7D7B480D-6974-675F-92A6-4CE47EFE466B}</UniqueIdentifier>
    </Filter>
    <Filter Include="src">
      <UniqueIdentifier>{2DAB880B-99B4-887C-2230-9F7C8E38947C}</UniqueIdentifier>
    </Filter>
  </ItemGroup>
  <ItemGroup>
    <ClInclude Include="includes\SmokACT\ImportMesh.hpp">
      <Filter>includes\SmokACT</Filter>
    </ClInclude>
  </ItemGroup>
  <ItemGroup>
    <ClCompile Include="src\ImportMesh.cpp">
      <Filter>src</Filter>
    </ClCompile>
  </ItemGroup>
</Project>